
Microsoft Visual Studio Solution File, Format Version 12.00
# Visual Studio Version 17
VisualStudioVersion = 17.7.34024.191
MinimumVisualStudioVersion = 10.0.40219.1
Project("{9A19103F-16F7-4668-BE54-9A1E7A4F7556}") = "FortifyAContainerUI", "FortifyAContainerUI\FortifyAContainerUI.csproj", "{D63D3F52-B767-4F32-8D8D-9A0C16F3AA98}"
EndProject
Global
	GlobalSection(SolutionConfigurationPlatforms) = preSolution
		Debug|Any CPU = Debug|Any CPU
		Release|Any CPU = Release|Any CPU
	EndGlobalSection
	GlobalSection(ProjectConfigurationPlatforms) = postSolution
		{D63D3F52-B767-4F32-8D8D-9A0C16F3AA98}.Debug|Any CPU.ActiveCfg = Debug|Any CPU
		{D63D3F52-B767-4F32-8D8D-9A0C16F3AA98}.Debug|Any CPU.Build.0 = Debug|Any CPU
		{D63D3F52-B767-4F32-8D8D-9A0C16F3AA98}.Release|Any CPU.ActiveCfg = Release|Any CPU
		{D63D3F52-B767-4F32-8D8D-9A0C16F3AA98}.Release|Any CPU.Build.0 = Release|Any CPU
	EndGlobalSection
	GlobalSection(SolutionProperties) = preSolution
		HideSolutionNode = FALSE
	EndGlobalSection
	GlobalSection(ExtensibilityGlobals) = postSolution
		SolutionGuid = {EA5DECA2-F902-40AB-BA94-C21328D5AE27}
	EndGlobalSection
EndGlobal
